// !$*UTF8*$!
{
	archiveVersion = 1;
	classes = {
	};
	objectVersion = 56;
	objects = {

/* Begin PBXBuildFile section */
		810E07922A39AA0300CCBDBE /* PostDetailFeature.swift in Sources */ = {isa = PBXBuildFile; fileRef = 810E07912A39AA0300CCBDBE /* PostDetailFeature.swift */; };
		810E07942A39AB2600CCBDBE /* PostDetailFeatureView.swift in Sources */ = {isa = PBXBuildFile; fileRef = 810E07932A39AB2600CCBDBE /* PostDetailFeatureView.swift */; };
		8192170C2A364A950015BEF3 /* LemmingApp.swift in Sources */ = {isa = PBXBuildFile; fileRef = 8192170B2A364A950015BEF3 /* LemmingApp.swift */; };
		8192170E2A364A950015BEF3 /* RootView.swift in Sources */ = {isa = PBXBuildFile; fileRef = 8192170D2A364A950015BEF3 /* RootView.swift */; };
		819217102A364A960015BEF3 /* Assets.xcassets in Resources */ = {isa = PBXBuildFile; fileRef = 8192170F2A364A960015BEF3 /* Assets.xcassets */; };
		819217142A364A960015BEF3 /* Preview Assets.xcassets in Resources */ = {isa = PBXBuildFile; fileRef = 819217132A364A960015BEF3 /* Preview Assets.xcassets */; };
		8192171C2A364AEF0015BEF3 /* ComposableArchitecture in Frameworks */ = {isa = PBXBuildFile; productRef = 8192171B2A364AEF0015BEF3 /* ComposableArchitecture */; };
		8192171F2A364B790015BEF3 /* RootFeature.swift in Sources */ = {isa = PBXBuildFile; fileRef = 8192171E2A364B790015BEF3 /* RootFeature.swift */; };
		819217212A37059E0015BEF3 /* LemmingDesignSystem.swift in Sources */ = {isa = PBXBuildFile; fileRef = 819217202A37059E0015BEF3 /* LemmingDesignSystem.swift */; };
		819217242A37093E0015BEF3 /* DesignSystemPreview.swift in Sources */ = {isa = PBXBuildFile; fileRef = 819217232A37093E0015BEF3 /* DesignSystemPreview.swift */; };
		819217262A370BE70015BEF3 /* LemmingButtons.swift in Sources */ = {isa = PBXBuildFile; fileRef = 819217252A370BE70015BEF3 /* LemmingButtons.swift */; };
		819217292A3732E10015BEF3 /* PostsFeature.swift in Sources */ = {isa = PBXBuildFile; fileRef = 819217282A3732E10015BEF3 /* PostsFeature.swift */; };
		8192172C2A3734F20015BEF3 /* PostsFeatureView.swift in Sources */ = {isa = PBXBuildFile; fileRef = 8192172B2A3734F20015BEF3 /* PostsFeatureView.swift */; };
		8192172E2A3735B80015BEF3 /* PostModel.swift in Sources */ = {isa = PBXBuildFile; fileRef = 8192172D2A3735B80015BEF3 /* PostModel.swift */; };
		819217302A3737410015BEF3 /* PostsRowView.swift in Sources */ = {isa = PBXBuildFile; fileRef = 8192172F2A3737410015BEF3 /* PostsRowView.swift */; };
		81F7020F2A386D3600484D6F /* Lemmy-Swift-Client in Frameworks */ = {isa = PBXBuildFile; productRef = 81F7020E2A386D3600484D6F /* Lemmy-Swift-Client */; };
		81F702122A386F3200484D6F /* PostService.swift in Sources */ = {isa = PBXBuildFile; fileRef = 81F702112A386F3200484D6F /* PostService.swift */; };
		81F702142A386F5300484D6F /* LemmyPostService.swift in Sources */ = {isa = PBXBuildFile; fileRef = 81F702132A386F5300484D6F /* LemmyPostService.swift */; };
		81F702172A38700000484D6F /* PostServiceDependency.swift in Sources */ = {isa = PBXBuildFile; fileRef = 81F702162A38700000484D6F /* PostServiceDependency.swift */; };
/* End PBXBuildFile section */

/* Begin PBXFileReference section */
		810E07912A39AA0300CCBDBE /* PostDetailFeature.swift */ = {isa = PBXFileReference; lastKnownFileType = sourcecode.swift; path = PostDetailFeature.swift; sourceTree = "<group>"; };
		810E07932A39AB2600CCBDBE /* PostDetailFeatureView.swift */ = {isa = PBXFileReference; lastKnownFileType = sourcecode.swift; path = PostDetailFeatureView.swift; sourceTree = "<group>"; };
		819217082A364A950015BEF3 /* Lemming.app */ = {isa = PBXFileReference; explicitFileType = wrapper.application; includeInIndex = 0; path = Lemming.app; sourceTree = BUILT_PRODUCTS_DIR; };
		8192170B2A364A950015BEF3 /* LemmingApp.swift */ = {isa = PBXFileReference; lastKnownFileType = sourcecode.swift; path = LemmingApp.swift; sourceTree = "<group>"; };
		8192170D2A364A950015BEF3 /* RootView.swift */ = {isa = PBXFileReference; lastKnownFileType = sourcecode.swift; path = RootView.swift; sourceTree = "<group>"; };
		8192170F2A364A960015BEF3 /* Assets.xcassets */ = {isa = PBXFileReference; lastKnownFileType = folder.assetcatalog; path = Assets.xcassets; sourceTree = "<group>"; };
		819217112A364A960015BEF3 /* Lemming.entitlements */ = {isa = PBXFileReference; lastKnownFileType = text.plist.entitlements; path = Lemming.entitlements; sourceTree = "<group>"; };
		819217132A364A960015BEF3 /* Preview Assets.xcassets */ = {isa = PBXFileReference; lastKnownFileType = folder.assetcatalog; path = "Preview Assets.xcassets"; sourceTree = "<group>"; };
		8192171E2A364B790015BEF3 /* RootFeature.swift */ = {isa = PBXFileReference; lastKnownFileType = sourcecode.swift; path = RootFeature.swift; sourceTree = "<group>"; };
		819217202A37059E0015BEF3 /* LemmingDesignSystem.swift */ = {isa = PBXFileReference; lastKnownFileType = sourcecode.swift; path = LemmingDesignSystem.swift; sourceTree = "<group>"; };
		819217232A37093E0015BEF3 /* DesignSystemPreview.swift */ = {isa = PBXFileReference; lastKnownFileType = sourcecode.swift; path = DesignSystemPreview.swift; sourceTree = "<group>"; };
		819217252A370BE70015BEF3 /* LemmingButtons.swift */ = {isa = PBXFileReference; lastKnownFileType = sourcecode.swift; path = LemmingButtons.swift; sourceTree = "<group>"; };
		819217282A3732E10015BEF3 /* PostsFeature.swift */ = {isa = PBXFileReference; lastKnownFileType = sourcecode.swift; path = PostsFeature.swift; sourceTree = "<group>"; };
		8192172B2A3734F20015BEF3 /* PostsFeatureView.swift */ = {isa = PBXFileReference; lastKnownFileType = sourcecode.swift; path = PostsFeatureView.swift; sourceTree = "<group>"; };
		8192172D2A3735B80015BEF3 /* PostModel.swift */ = {isa = PBXFileReference; lastKnownFileType = sourcecode.swift; path = PostModel.swift; sourceTree = "<group>"; };
		8192172F2A3737410015BEF3 /* PostsRowView.swift */ = {isa = PBXFileReference; lastKnownFileType = sourcecode.swift; path = PostsRowView.swift; sourceTree = "<group>"; };
		81F702112A386F3200484D6F /* PostService.swift */ = {isa = PBXFileReference; lastKnownFileType = sourcecode.swift; path = PostService.swift; sourceTree = "<group>"; };
		81F702132A386F5300484D6F /* LemmyPostService.swift */ = {isa = PBXFileReference; lastKnownFileType = sourcecode.swift; path = LemmyPostService.swift; sourceTree = "<group>"; };
		81F702162A38700000484D6F /* PostServiceDependency.swift */ = {isa = PBXFileReference; lastKnownFileType = sourcecode.swift; path = PostServiceDependency.swift; sourceTree = "<group>"; };
/* End PBXFileReference section */

/* Begin PBXFrameworksBuildPhase section */
		819217052A364A950015BEF3 /* Frameworks */ = {
			isa = PBXFrameworksBuildPhase;
			buildActionMask = 2147483647;
			files = (
				81F7020F2A386D3600484D6F /* Lemmy-Swift-Client in Frameworks */,
				8192171C2A364AEF0015BEF3 /* ComposableArchitecture in Frameworks */,
			);
			runOnlyForDeploymentPostprocessing = 0;
		};
/* End PBXFrameworksBuildPhase section */

/* Begin PBXGroup section */
		810E07902A39A9F600CCBDBE /* PostDetail */ = {
			isa = PBXGroup;
			children = (
				810E07912A39AA0300CCBDBE /* PostDetailFeature.swift */,
				810E07932A39AB2600CCBDBE /* PostDetailFeatureView.swift */,
			);
			path = PostDetail;
			sourceTree = "<group>";
		};
		819216FF2A364A950015BEF3 = {
			isa = PBXGroup;
			children = (
				8192170A2A364A950015BEF3 /* Lemming */,
				819217092A364A950015BEF3 /* Products */,
			);
			sourceTree = "<group>";
		};
		819217092A364A950015BEF3 /* Products */ = {
			isa = PBXGroup;
			children = (
				819217082A364A950015BEF3 /* Lemming.app */,
			);
			name = Products;
			sourceTree = "<group>";
		};
		8192170A2A364A950015BEF3 /* Lemming */ = {
			isa = PBXGroup;
			children = (
				81F702152A386FED00484D6F /* Dependencies */,
				81F702102A386F1B00484D6F /* Services */,
				8192172A2A37334F0015BEF3 /* Models */,
				819217272A3732D00015BEF3 /* Posts */,
				819217222A3708F70015BEF3 /* DesignSystem */,
				8192170B2A364A950015BEF3 /* LemmingApp.swift */,
				8192171E2A364B790015BEF3 /* RootFeature.swift */,
				8192170D2A364A950015BEF3 /* RootView.swift */,
				8192170F2A364A960015BEF3 /* Assets.xcassets */,
				819217112A364A960015BEF3 /* Lemming.entitlements */,
				819217122A364A960015BEF3 /* Preview Content */,
			);
			path = Lemming;
			sourceTree = "<group>";
		};
		819217122A364A960015BEF3 /* Preview Content */ = {
			isa = PBXGroup;
			children = (
				819217132A364A960015BEF3 /* Preview Assets.xcassets */,
			);
			path = "Preview Content";
			sourceTree = "<group>";
		};
		819217222A3708F70015BEF3 /* DesignSystem */ = {
			isa = PBXGroup;
			children = (
				819217202A37059E0015BEF3 /* LemmingDesignSystem.swift */,
				819217232A37093E0015BEF3 /* DesignSystemPreview.swift */,
				819217252A370BE70015BEF3 /* LemmingButtons.swift */,
			);
			path = DesignSystem;
			sourceTree = "<group>";
		};
		819217272A3732D00015BEF3 /* Posts */ = {
			isa = PBXGroup;
			children = (
				810E07902A39A9F600CCBDBE /* PostDetail */,
				819217282A3732E10015BEF3 /* PostsFeature.swift */,
				8192172B2A3734F20015BEF3 /* PostsFeatureView.swift */,
				8192172F2A3737410015BEF3 /* PostsRowView.swift */,
			);
			path = Posts;
			sourceTree = "<group>";
		};
		8192172A2A37334F0015BEF3 /* Models */ = {
			isa = PBXGroup;
			children = (
				8192172D2A3735B80015BEF3 /* PostModel.swift */,
			);
			path = Models;
			sourceTree = "<group>";
		};
		81F702102A386F1B00484D6F /* Services */ = {
			isa = PBXGroup;
			children = (
				81F702112A386F3200484D6F /* PostService.swift */,
				81F702132A386F5300484D6F /* LemmyPostService.swift */,
			);
			path = Services;
			sourceTree = "<group>";
		};
		81F702152A386FED00484D6F /* Dependencies */ = {
			isa = PBXGroup;
			children = (
				81F702162A38700000484D6F /* PostServiceDependency.swift */,
			);
			path = Dependencies;
			sourceTree = "<group>";
		};
/* End PBXGroup section */

/* Begin PBXNativeTarget section */
		819217072A364A950015BEF3 /* Lemming */ = {
			isa = PBXNativeTarget;
			buildConfigurationList = 819217172A364A960015BEF3 /* Build configuration list for PBXNativeTarget "Lemming" */;
			buildPhases = (
				819217042A364A950015BEF3 /* Sources */,
				819217052A364A950015BEF3 /* Frameworks */,
				819217062A364A950015BEF3 /* Resources */,
			);
			buildRules = (
			);
			dependencies = (
			);
			name = Lemming;
			packageProductDependencies = (
				8192171B2A364AEF0015BEF3 /* ComposableArchitecture */,
				81F7020E2A386D3600484D6F /* Lemmy-Swift-Client */,
			);
			productName = Lemming;
			productReference = 819217082A364A950015BEF3 /* Lemming.app */;
			productType = "com.apple.product-type.application";
		};
/* End PBXNativeTarget section */

/* Begin PBXProject section */
		819217002A364A950015BEF3 /* Project object */ = {
			isa = PBXProject;
			attributes = {
				BuildIndependentTargetsInParallel = 1;
				LastSwiftUpdateCheck = 1430;
				LastUpgradeCheck = 1430;
				TargetAttributes = {
					819217072A364A950015BEF3 = {
						CreatedOnToolsVersion = 14.3;
					};
				};
			};
			buildConfigurationList = 819217032A364A950015BEF3 /* Build configuration list for PBXProject "Lemming" */;
			compatibilityVersion = "Xcode 14.0";
			developmentRegion = en;
			hasScannedForEncodings = 0;
			knownRegions = (
				en,
				Base,
			);
			mainGroup = 819216FF2A364A950015BEF3;
			packageReferences = (
				8192171A2A364AEF0015BEF3 /* XCRemoteSwiftPackageReference "swift-composable-architecture" */,
				81F7020D2A386D3600484D6F /* XCRemoteSwiftPackageReference "Lemmy-Swift-Client" */,
			);
			productRefGroup = 819217092A364A950015BEF3 /* Products */;
			projectDirPath = "";
			projectRoot = "";
			targets = (
				819217072A364A950015BEF3 /* Lemming */,
			);
		};
/* End PBXProject section */

/* Begin PBXResourcesBuildPhase section */
		819217062A364A950015BEF3 /* Resources */ = {
			isa = PBXResourcesBuildPhase;
			buildActionMask = 2147483647;
			files = (
				819217142A364A960015BEF3 /* Preview Assets.xcassets in Resources */,
				819217102A364A960015BEF3 /* Assets.xcassets in Resources */,
			);
			runOnlyForDeploymentPostprocessing = 0;
		};
/* End PBXResourcesBuildPhase section */

/* Begin PBXSourcesBuildPhase section */
		819217042A364A950015BEF3 /* Sources */ = {
			isa = PBXSourcesBuildPhase;
			buildActionMask = 2147483647;
			files = (
				819217212A37059E0015BEF3 /* LemmingDesignSystem.swift in Sources */,
				810E07922A39AA0300CCBDBE /* PostDetailFeature.swift in Sources */,
				8192172E2A3735B80015BEF3 /* PostModel.swift in Sources */,
				8192172C2A3734F20015BEF3 /* PostsFeatureView.swift in Sources */,
				819217262A370BE70015BEF3 /* LemmingButtons.swift in Sources */,
				819217292A3732E10015BEF3 /* PostsFeature.swift in Sources */,
				81F702122A386F3200484D6F /* PostService.swift in Sources */,
				81F702172A38700000484D6F /* PostServiceDependency.swift in Sources */,
				810E07942A39AB2600CCBDBE /* PostDetailFeatureView.swift in Sources */,
				8192170E2A364A950015BEF3 /* RootView.swift in Sources */,
				819217242A37093E0015BEF3 /* DesignSystemPreview.swift in Sources */,
				81F702142A386F5300484D6F /* LemmyPostService.swift in Sources */,
				819217302A3737410015BEF3 /* PostsRowView.swift in Sources */,
				8192171F2A364B790015BEF3 /* RootFeature.swift in Sources */,
				8192170C2A364A950015BEF3 /* LemmingApp.swift in Sources */,
			);
			runOnlyForDeploymentPostprocessing = 0;
		};
/* End PBXSourcesBuildPhase section */

/* Begin XCBuildConfiguration section */
		819217152A364A960015BEF3 /* Debug */ = {
			isa = XCBuildConfiguration;
			buildSettings = {
				ALWAYS_SEARCH_USER_PATHS = NO;
				CLANG_ANALYZER_NONNULL = YES;
				CLANG_ANALYZER_NUMBER_OBJECT_CONVERSION = YES_AGGRESSIVE;
				CLANG_CXX_LANGUAGE_STANDARD = "gnu++20";
				CLANG_ENABLE_MODULES = YES;
				CLANG_ENABLE_OBJC_ARC = YES;
				CLANG_ENABLE_OBJC_WEAK = YES;
				CLANG_WARN_BLOCK_CAPTURE_AUTORELEASING = YES;
				CLANG_WARN_BOOL_CONVERSION = YES;
				CLANG_WARN_COMMA = YES;
				CLANG_WARN_CONSTANT_CONVERSION = YES;
				CLANG_WARN_DEPRECATED_OBJC_IMPLEMENTATIONS = YES;
				CLANG_WARN_DIRECT_OBJC_ISA_USAGE = YES_ERROR;
				CLANG_WARN_DOCUMENTATION_COMMENTS = YES;
				CLANG_WARN_EMPTY_BODY = YES;
				CLANG_WARN_ENUM_CONVERSION = YES;
				CLANG_WARN_INFINITE_RECURSION = YES;
				CLANG_WARN_INT_CONVERSION = YES;
				CLANG_WARN_NON_LITERAL_NULL_CONVERSION = YES;
				CLANG_WARN_OBJC_IMPLICIT_RETAIN_SELF = YES;
				CLANG_WARN_OBJC_LITERAL_CONVERSION = YES;
				CLANG_WARN_OBJC_ROOT_CLASS = YES_ERROR;
				CLANG_WARN_QUOTED_INCLUDE_IN_FRAMEWORK_HEADER = YES;
				CLANG_WARN_RANGE_LOOP_ANALYSIS = YES;
				CLANG_WARN_STRICT_PROTOTYPES = YES;
				CLANG_WARN_SUSPICIOUS_MOVE = YES;
				CLANG_WARN_UNGUARDED_AVAILABILITY = YES_AGGRESSIVE;
				CLANG_WARN_UNREACHABLE_CODE = YES;
				CLANG_WARN__DUPLICATE_METHOD_MATCH = YES;
				COPY_PHASE_STRIP = NO;
				DEBUG_INFORMATION_FORMAT = dwarf;
				ENABLE_STRICT_OBJC_MSGSEND = YES;
				ENABLE_TESTABILITY = YES;
				GCC_C_LANGUAGE_STANDARD = gnu11;
				GCC_DYNAMIC_NO_PIC = NO;
				GCC_NO_COMMON_BLOCKS = YES;
				GCC_OPTIMIZATION_LEVEL = 0;
				GCC_PREPROCESSOR_DEFINITIONS = (
					"DEBUG=1",
					"$(inherited)",
				);
				GCC_WARN_64_TO_32_BIT_CONVERSION = YES;
				GCC_WARN_ABOUT_RETURN_TYPE = YES_ERROR;
				GCC_WARN_UNDECLARED_SELECTOR = YES;
				GCC_WARN_UNINITIALIZED_AUTOS = YES_AGGRESSIVE;
				GCC_WARN_UNUSED_FUNCTION = YES;
				GCC_WARN_UNUSED_VARIABLE = YES;
				MTL_ENABLE_DEBUG_INFO = INCLUDE_SOURCE;
				MTL_FAST_MATH = YES;
				ONLY_ACTIVE_ARCH = YES;
				SWIFT_ACTIVE_COMPILATION_CONDITIONS = DEBUG;
				SWIFT_OPTIMIZATION_LEVEL = "-Onone";
			};
			name = Debug;
		};
		819217162A364A960015BEF3 /* Release */ = {
			isa = XCBuildConfiguration;
			buildSettings = {
				ALWAYS_SEARCH_USER_PATHS = NO;
				CLANG_ANALYZER_NONNULL = YES;
				CLANG_ANALYZER_NUMBER_OBJECT_CONVERSION = YES_AGGRESSIVE;
				CLANG_CXX_LANGUAGE_STANDARD = "gnu++20";
				CLANG_ENABLE_MODULES = YES;
				CLANG_ENABLE_OBJC_ARC = YES;
				CLANG_ENABLE_OBJC_WEAK = YES;
				CLANG_WARN_BLOCK_CAPTURE_AUTORELEASING = YES;
				CLANG_WARN_BOOL_CONVERSION = YES;
				CLANG_WARN_COMMA = YES;
				CLANG_WARN_CONSTANT_CONVERSION = YES;
				CLANG_WARN_DEPRECATED_OBJC_IMPLEMENTATIONS = YES;
				CLANG_WARN_DIRECT_OBJC_ISA_USAGE = YES_ERROR;
				CLANG_WARN_DOCUMENTATION_COMMENTS = YES;
				CLANG_WARN_EMPTY_BODY = YES;
				CLANG_WARN_ENUM_CONVERSION = YES;
				CLANG_WARN_INFINITE_RECURSION = YES;
				CLANG_WARN_INT_CONVERSION = YES;
				CLANG_WARN_NON_LITERAL_NULL_CONVERSION = YES;
				CLANG_WARN_OBJC_IMPLICIT_RETAIN_SELF = YES;
				CLANG_WARN_OBJC_LITERAL_CONVERSION = YES;
				CLANG_WARN_OBJC_ROOT_CLASS = YES_ERROR;
				CLANG_WARN_QUOTED_INCLUDE_IN_FRAMEWORK_HEADER = YES;
				CLANG_WARN_RANGE_LOOP_ANALYSIS = YES;
				CLANG_WARN_STRICT_PROTOTYPES = YES;
				CLANG_WARN_SUSPICIOUS_MOVE = YES;
				CLANG_WARN_UNGUARDED_AVAILABILITY = YES_AGGRESSIVE;
				CLANG_WARN_UNREACHABLE_CODE = YES;
				CLANG_WARN__DUPLICATE_METHOD_MATCH = YES;
				COPY_PHASE_STRIP = NO;
				DEBUG_INFORMATION_FORMAT = "dwarf-with-dsym";
				ENABLE_NS_ASSERTIONS = NO;
				ENABLE_STRICT_OBJC_MSGSEND = YES;
				GCC_C_LANGUAGE_STANDARD = gnu11;
				GCC_NO_COMMON_BLOCKS = YES;
				GCC_WARN_64_TO_32_BIT_CONVERSION = YES;
				GCC_WARN_ABOUT_RETURN_TYPE = YES_ERROR;
				GCC_WARN_UNDECLARED_SELECTOR = YES;
				GCC_WARN_UNINITIALIZED_AUTOS = YES_AGGRESSIVE;
				GCC_WARN_UNUSED_FUNCTION = YES;
				GCC_WARN_UNUSED_VARIABLE = YES;
				MTL_ENABLE_DEBUG_INFO = NO;
				MTL_FAST_MATH = YES;
				SWIFT_COMPILATION_MODE = wholemodule;
				SWIFT_OPTIMIZATION_LEVEL = "-O";
			};
			name = Release;
		};
		819217182A364A960015BEF3 /* Debug */ = {
			isa = XCBuildConfiguration;
			buildSettings = {
				ASSETCATALOG_COMPILER_APPICON_NAME = AppIcon;
				ASSETCATALOG_COMPILER_GLOBAL_ACCENT_COLOR_NAME = AccentColor;
				CODE_SIGN_ENTITLEMENTS = Lemming/Lemming.entitlements;
				CODE_SIGN_STYLE = Automatic;
				CURRENT_PROJECT_VERSION = 1;
				DEVELOPMENT_ASSET_PATHS = "\"Lemming/Preview Content\"";
				DEVELOPMENT_TEAM = 6Y9C574C9M;
				ENABLE_HARDENED_RUNTIME = YES;
				ENABLE_PREVIEWS = YES;
				GENERATE_INFOPLIST_FILE = YES;
				"INFOPLIST_KEY_UIApplicationSceneManifest_Generation[sdk=iphoneos*]" = YES;
				"INFOPLIST_KEY_UIApplicationSceneManifest_Generation[sdk=iphonesimulator*]" = YES;
				"INFOPLIST_KEY_UIApplicationSupportsIndirectInputEvents[sdk=iphoneos*]" = YES;
				"INFOPLIST_KEY_UIApplicationSupportsIndirectInputEvents[sdk=iphonesimulator*]" = YES;
				"INFOPLIST_KEY_UILaunchScreen_Generation[sdk=iphoneos*]" = YES;
				"INFOPLIST_KEY_UILaunchScreen_Generation[sdk=iphonesimulator*]" = YES;
				"INFOPLIST_KEY_UIStatusBarStyle[sdk=iphoneos*]" = UIStatusBarStyleDefault;
				"INFOPLIST_KEY_UIStatusBarStyle[sdk=iphonesimulator*]" = UIStatusBarStyleDefault;
				INFOPLIST_KEY_UISupportedInterfaceOrientations_iPad = "UIInterfaceOrientationPortrait UIInterfaceOrientationPortraitUpsideDown UIInterfaceOrientationLandscapeLeft UIInterfaceOrientationLandscapeRight";
				INFOPLIST_KEY_UISupportedInterfaceOrientations_iPhone = "UIInterfaceOrientationPortrait UIInterfaceOrientationLandscapeLeft UIInterfaceOrientationLandscapeRight";
				IPHONEOS_DEPLOYMENT_TARGET = 16.0;
				LD_RUNPATH_SEARCH_PATHS = "@executable_path/Frameworks";
				"LD_RUNPATH_SEARCH_PATHS[sdk=macosx*]" = "@executable_path/../Frameworks";
				MACOSX_DEPLOYMENT_TARGET = 13.2;
				MARKETING_VERSION = 1.0;
				PRODUCT_BUNDLE_IDENTIFIER = com.hotky.Lemming;
				PRODUCT_NAME = "$(TARGET_NAME)";
				SDKROOT = auto;
				SUPPORTED_PLATFORMS = "iphoneos iphonesimulator macosx";
				SWIFT_EMIT_LOC_STRINGS = YES;
				SWIFT_VERSION = 5.0;
				TARGETED_DEVICE_FAMILY = "1,2";
			};
			name = Debug;
		};
		819217192A364A960015BEF3 /* Release */ = {
			isa = XCBuildConfiguration;
			buildSettings = {
				ASSETCATALOG_COMPILER_APPICON_NAME = AppIcon;
				ASSETCATALOG_COMPILER_GLOBAL_ACCENT_COLOR_NAME = AccentColor;
				CODE_SIGN_ENTITLEMENTS = Lemming/Lemming.entitlements;
				CODE_SIGN_STYLE = Automatic;
				CURRENT_PROJECT_VERSION = 1;
				DEVELOPMENT_ASSET_PATHS = "\"Lemming/Preview Content\"";
				DEVELOPMENT_TEAM = 6Y9C574C9M;
				ENABLE_HARDENED_RUNTIME = YES;
				ENABLE_PREVIEWS = YES;
				GENERATE_INFOPLIST_FILE = YES;
				"INFOPLIST_KEY_UIApplicationSceneManifest_Generation[sdk=iphoneos*]" = YES;
				"INFOPLIST_KEY_UIApplicationSceneManifest_Generation[sdk=iphonesimulator*]" = YES;
				"INFOPLIST_KEY_UIApplicationSupportsIndirectInputEvents[sdk=iphoneos*]" = YES;
				"INFOPLIST_KEY_UIApplicationSupportsIndirectInputEvents[sdk=iphonesimulator*]" = YES;
				"INFOPLIST_KEY_UILaunchScreen_Generation[sdk=iphoneos*]" = YES;
				"INFOPLIST_KEY_UILaunchScreen_Generation[sdk=iphonesimulator*]" = YES;
				"INFOPLIST_KEY_UIStatusBarStyle[sdk=iphoneos*]" = UIStatusBarStyleDefault;
				"INFOPLIST_KEY_UIStatusBarStyle[sdk=iphonesimulator*]" = UIStatusBarStyleDefault;
				INFOPLIST_KEY_UISupportedInterfaceOrientations_iPad = "UIInterfaceOrientationPortrait UIInterfaceOrientationPortraitUpsideDown UIInterfaceOrientationLandscapeLeft UIInterfaceOrientationLandscapeRight";
				INFOPLIST_KEY_UISupportedInterfaceOrientations_iPhone = "UIInterfaceOrientationPortrait UIInterfaceOrientationLandscapeLeft UIInterfaceOrientationLandscapeRight";
				IPHONEOS_DEPLOYMENT_TARGET = 16.0;
				LD_RUNPATH_SEARCH_PATHS = "@executable_path/Frameworks";
				"LD_RUNPATH_SEARCH_PATHS[sdk=macosx*]" = "@executable_path/../Frameworks";
				MACOSX_DEPLOYMENT_TARGET = 13.2;
				MARKETING_VERSION = 1.0;
				PRODUCT_BUNDLE_IDENTIFIER = com.hotky.Lemming;
				PRODUCT_NAME = "$(TARGET_NAME)";
				SDKROOT = auto;
				SUPPORTED_PLATFORMS = "iphoneos iphonesimulator macosx";
				SWIFT_EMIT_LOC_STRINGS = YES;
				SWIFT_VERSION = 5.0;
				TARGETED_DEVICE_FAMILY = "1,2";
			};
			name = Release;
		};
/* End XCBuildConfiguration section */

/* Begin XCConfigurationList section */
		819217032A364A950015BEF3 /* Build configuration list for PBXProject "Lemming" */ = {
			isa = XCConfigurationList;
			buildConfigurations = (
				819217152A364A960015BEF3 /* Debug */,
				819217162A364A960015BEF3 /* Release */,
			);
			defaultConfigurationIsVisible = 0;
			defaultConfigurationName = Release;
		};
		819217172A364A960015BEF3 /* Build configuration list for PBXNativeTarget "Lemming" */ = {
			isa = XCConfigurationList;
			buildConfigurations = (
				819217182A364A960015BEF3 /* Debug */,
				819217192A364A960015BEF3 /* Release */,
			);
			defaultConfigurationIsVisible = 0;
			defaultConfigurationName = Release;
		};
/* End XCConfigurationList section */

/* Begin XCRemoteSwiftPackageReference section */
		8192171A2A364AEF0015BEF3 /* XCRemoteSwiftPackageReference "swift-composable-architecture" */ = {
			isa = XCRemoteSwiftPackageReference;
			repositoryURL = "https://github.com/pointfreeco/swift-composable-architecture";
			requirement = {
				kind = upToNextMajorVersion;
				minimumVersion = 0.54.0;
			};
		};
		81F7020D2A386D3600484D6F /* XCRemoteSwiftPackageReference "Lemmy-Swift-Client" */ = {
			isa = XCRemoteSwiftPackageReference;
			repositoryURL = "https://github.com/rrainn/Lemmy-Swift-Client.git";
			requirement = {
				kind = upToNextMajorVersion;
				minimumVersion = 1.0.0;
			};
		};
/* End XCRemoteSwiftPackageReference section */

/* Begin XCSwiftPackageProductDependency section */
		8192171B2A364AEF0015BEF3 /* ComposableArchitecture */ = {
			isa = XCSwiftPackageProductDependency;
			package = 8192171A2A364AEF0015BEF3 /* XCRemoteSwiftPackageReference "swift-composable-architecture" */;
			productName = ComposableArchitecture;
		};
		81F7020E2A386D3600484D6F /* Lemmy-Swift-Client */ = {
			isa = XCSwiftPackageProductDependency;
			package = 81F7020D2A386D3600484D6F /* XCRemoteSwiftPackageReference "Lemmy-Swift-Client" */;
			productName = "Lemmy-Swift-Client";
		};
/* End XCSwiftPackageProductDependency section */
	};
	rootObject = 819217002A364A950015BEF3 /* Project object */;
}
