// !$*UTF8*$!
{
	archiveVersion = 1;
	classes = {
	};
	objectVersion = 56;
	objects = {

/* Begin PBXBuildFile section */
		810E07922A39AA0300CCBDBE /* PostDetailFeature.swift in Sources */ = {isa = PBXBuildFile; fileRef = 810E07912A39AA0300CCBDBE /* PostDetailFeature.swift */; };
		810E07942A39AB2600CCBDBE /* PostDetailFeatureView.swift in Sources */ = {isa = PBXBuildFile; fileRef = 810E07932A39AB2600CCBDBE /* PostDetailFeatureView.swift */; };
		810E07962A39B7F300CCBDBE /* CommentService.swift in Sources */ = {isa = PBXBuildFile; fileRef = 810E07952A39B7F300CCBDBE /* CommentService.swift */; };
		810E07982A39B83B00CCBDBE /* CommentModel.swift in Sources */ = {isa = PBXBuildFile; fileRef = 810E07972A39B83B00CCBDBE /* CommentModel.swift */; };
		810E079A2A39BC8400CCBDBE /* LemmyCommentService.swift in Sources */ = {isa = PBXBuildFile; fileRef = 810E07992A39BC8400CCBDBE /* LemmyCommentService.swift */; };
		810E079C2A39C74900CCBDBE /* CommentServiceDependency.swift in Sources */ = {isa = PBXBuildFile; fileRef = 810E079B2A39C74900CCBDBE /* CommentServiceDependency.swift */; };
		810FA80A2A48AB1800EF2CBA /* CommunityFeature.swift in Sources */ = {isa = PBXBuildFile; fileRef = 810FA8092A48AB1800EF2CBA /* CommunityFeature.swift */; };
		810FA80D2A48AB3700EF2CBA /* CommunityService.swift in Sources */ = {isa = PBXBuildFile; fileRef = 810FA80C2A48AB3700EF2CBA /* CommunityService.swift */; };
		810FA80F2A48ABAC00EF2CBA /* CommunityModel.swift in Sources */ = {isa = PBXBuildFile; fileRef = 810FA80E2A48ABAC00EF2CBA /* CommunityModel.swift */; };
		810FA8112A48AD1E00EF2CBA /* LemmyCommunityService.swift in Sources */ = {isa = PBXBuildFile; fileRef = 810FA8102A48AD1E00EF2CBA /* LemmyCommunityService.swift */; };
		810FA8132A48B1ED00EF2CBA /* CommunityServiceDependency.swift in Sources */ = {isa = PBXBuildFile; fileRef = 810FA8122A48B1ED00EF2CBA /* CommunityServiceDependency.swift */; };
		810FA8152A48B5B900EF2CBA /* CommunityFeatureView.swift in Sources */ = {isa = PBXBuildFile; fileRef = 810FA8142A48B5B900EF2CBA /* CommunityFeatureView.swift */; };
		810FA8182A4973E700EF2CBA /* PostsListFeature.swift in Sources */ = {isa = PBXBuildFile; fileRef = 810FA8172A4973E700EF2CBA /* PostsListFeature.swift */; };
		810FA81A2A49762900EF2CBA /* PostsListFeatureView.swift in Sources */ = {isa = PBXBuildFile; fileRef = 810FA8192A49762900EF2CBA /* PostsListFeatureView.swift */; };
		8126FEF62A46185600633121 /* CommentDetailFeature.swift in Sources */ = {isa = PBXBuildFile; fileRef = 8126FEF52A46185600633121 /* CommentDetailFeature.swift */; };
		8126FEF82A470B8400633121 /* CommentDetailFeatureTests.swift in Sources */ = {isa = PBXBuildFile; fileRef = 8126FEF72A470B8400633121 /* CommentDetailFeatureTests.swift */; };
		8126FEFA2A470D4100633121 /* PostDetailFeatureTests.swift in Sources */ = {isa = PBXBuildFile; fileRef = 8126FEF92A470D4100633121 /* PostDetailFeatureTests.swift */; };
		81368C0B2A4573A7005CF7A2 /* SwipeCell.swift in Sources */ = {isa = PBXBuildFile; fileRef = 81368C0A2A4573A7005CF7A2 /* SwipeCell.swift */; };
		81368C0D2A45936A005CF7A2 /* Collapsible.swift in Sources */ = {isa = PBXBuildFile; fileRef = 81368C0C2A45936A005CF7A2 /* Collapsible.swift */; };
		816F99062A431CA4004F0AE9 /* CommentSheetFeature.swift in Sources */ = {isa = PBXBuildFile; fileRef = 816F99052A431CA4004F0AE9 /* CommentSheetFeature.swift */; };
		816F99082A431DC3004F0AE9 /* CommentSheetFeatureView.swift in Sources */ = {isa = PBXBuildFile; fileRef = 816F99072A431DC3004F0AE9 /* CommentSheetFeatureView.swift */; };
		81727D742A40E9FA0035FF22 /* URL+URLType.swift in Sources */ = {isa = PBXBuildFile; fileRef = 81727D732A40E9FA0035FF22 /* URL+URLType.swift */; };
		81727D762A40EA8C0035FF22 /* PostDetailLinkView.swift in Sources */ = {isa = PBXBuildFile; fileRef = 81727D752A40EA8C0035FF22 /* PostDetailLinkView.swift */; };
		818E8A032A3EC4C400013875 /* AccountService.swift in Sources */ = {isa = PBXBuildFile; fileRef = 818E8A022A3EC4C400013875 /* AccountService.swift */; };
		818E8A052A3EC5A800013875 /* LemmingAccountModel.swift in Sources */ = {isa = PBXBuildFile; fileRef = 818E8A042A3EC5A800013875 /* LemmingAccountModel.swift */; };
		818E8A0F2A3F2DDC00013875 /* LemmyAccountService.swift in Sources */ = {isa = PBXBuildFile; fileRef = 818E8A0E2A3F2DDC00013875 /* LemmyAccountService.swift */; };
		818E8A142A3F40A400013875 /* AccountFeature.swift in Sources */ = {isa = PBXBuildFile; fileRef = 818E8A132A3F40A400013875 /* AccountFeature.swift */; };
		818E8A162A3F419E00013875 /* AccountFeatureView.swift in Sources */ = {isa = PBXBuildFile; fileRef = 818E8A152A3F419E00013875 /* AccountFeatureView.swift */; };
		818E8A182A3F473900013875 /* AccountRootFeature.swift in Sources */ = {isa = PBXBuildFile; fileRef = 818E8A172A3F473900013875 /* AccountRootFeature.swift */; };
		818E8A1A2A3F983300013875 /* UserDefaultsKeys.swift in Sources */ = {isa = PBXBuildFile; fileRef = 818E8A192A3F983300013875 /* UserDefaultsKeys.swift */; };
		818E8A1C2A3F990200013875 /* AccountServiceKey.swift in Sources */ = {isa = PBXBuildFile; fileRef = 818E8A1B2A3F990200013875 /* AccountServiceKey.swift */; };
		818E8A1F2A40326E00013875 /* AddAccountFeature.swift in Sources */ = {isa = PBXBuildFile; fileRef = 818E8A1E2A40326E00013875 /* AddAccountFeature.swift */; };
		818E8A212A403B9700013875 /* AddAccountFeatureView.swift in Sources */ = {isa = PBXBuildFile; fileRef = 818E8A202A403B9700013875 /* AddAccountFeatureView.swift */; };
		818E8A242A40630600013875 /* KeychainSwift in Frameworks */ = {isa = PBXBuildFile; productRef = 818E8A232A40630600013875 /* KeychainSwift */; };
		8192170C2A364A950015BEF3 /* LemmingApp.swift in Sources */ = {isa = PBXBuildFile; fileRef = 8192170B2A364A950015BEF3 /* LemmingApp.swift */; };
		8192170E2A364A950015BEF3 /* RootView.swift in Sources */ = {isa = PBXBuildFile; fileRef = 8192170D2A364A950015BEF3 /* RootView.swift */; };
		819217102A364A960015BEF3 /* Assets.xcassets in Resources */ = {isa = PBXBuildFile; fileRef = 8192170F2A364A960015BEF3 /* Assets.xcassets */; };
		819217142A364A960015BEF3 /* Preview Assets.xcassets in Resources */ = {isa = PBXBuildFile; fileRef = 819217132A364A960015BEF3 /* Preview Assets.xcassets */; };
		8192171C2A364AEF0015BEF3 /* ComposableArchitecture in Frameworks */ = {isa = PBXBuildFile; productRef = 8192171B2A364AEF0015BEF3 /* ComposableArchitecture */; };
		8192171F2A364B790015BEF3 /* RootFeature.swift in Sources */ = {isa = PBXBuildFile; fileRef = 8192171E2A364B790015BEF3 /* RootFeature.swift */; };
		819217212A37059E0015BEF3 /* LemmingDesignSystem.swift in Sources */ = {isa = PBXBuildFile; fileRef = 819217202A37059E0015BEF3 /* LemmingDesignSystem.swift */; };
		819217242A37093E0015BEF3 /* DesignSystemPreview.swift in Sources */ = {isa = PBXBuildFile; fileRef = 819217232A37093E0015BEF3 /* DesignSystemPreview.swift */; };
		819217262A370BE70015BEF3 /* LemmingButtons.swift in Sources */ = {isa = PBXBuildFile; fileRef = 819217252A370BE70015BEF3 /* LemmingButtons.swift */; };
		819217292A3732E10015BEF3 /* PostsFeature.swift in Sources */ = {isa = PBXBuildFile; fileRef = 819217282A3732E10015BEF3 /* PostsFeature.swift */; };
		8192172C2A3734F20015BEF3 /* PostsFeatureView.swift in Sources */ = {isa = PBXBuildFile; fileRef = 8192172B2A3734F20015BEF3 /* PostsFeatureView.swift */; };
		8192172E2A3735B80015BEF3 /* PostModel.swift in Sources */ = {isa = PBXBuildFile; fileRef = 8192172D2A3735B80015BEF3 /* PostModel.swift */; };
		819217302A3737410015BEF3 /* PostsRowView.swift in Sources */ = {isa = PBXBuildFile; fileRef = 8192172F2A3737410015BEF3 /* PostsRowView.swift */; };
		81999FFE2A4CA2BD00A9BB09 /* Lemmy-Swift-Client in Frameworks */ = {isa = PBXBuildFile; productRef = 81999FFD2A4CA2BD00A9BB09 /* Lemmy-Swift-Client */; };
		81B982E12A39DA5D00D2A3F7 /* CommentDetailView.swift in Sources */ = {isa = PBXBuildFile; fileRef = 81B982E02A39DA5D00D2A3F7 /* CommentDetailView.swift */; };
		81B982E62A39E08300D2A3F7 /* RelativeDateTimeFormatterDependency.swift in Sources */ = {isa = PBXBuildFile; fileRef = 81B982E52A39E08300D2A3F7 /* RelativeDateTimeFormatterDependency.swift */; };
		81B982E82A39E10800D2A3F7 /* DateFormatterService.swift in Sources */ = {isa = PBXBuildFile; fileRef = 81B982E72A39E10800D2A3F7 /* DateFormatterService.swift */; };
		81B982EB2A39E88600D2A3F7 /* CachedAsyncImage in Frameworks */ = {isa = PBXBuildFile; productRef = 81B982EA2A39E88600D2A3F7 /* CachedAsyncImage */; };
		81B982EE2A39E89900D2A3F7 /* URLCache+imageCache.swift in Sources */ = {isa = PBXBuildFile; fileRef = 81B982ED2A39E89900D2A3F7 /* URLCache+imageCache.swift */; };
		81B982F12A3A40AF00D2A3F7 /* IconConstants.swift in Sources */ = {isa = PBXBuildFile; fileRef = 81B982F02A3A40AF00D2A3F7 /* IconConstants.swift */; };
		81B982F32A3A5DBA00D2A3F7 /* PostsRootFeature.swift in Sources */ = {isa = PBXBuildFile; fileRef = 81B982F22A3A5DBA00D2A3F7 /* PostsRootFeature.swift */; };
		81B982F52A3A5E1600D2A3F7 /* PostsRootFeatureView.swift in Sources */ = {isa = PBXBuildFile; fileRef = 81B982F42A3A5E1600D2A3F7 /* PostsRootFeatureView.swift */; };
		81E9A5CD2A3C45DC0014CD86 /* LemmingTests.swift in Sources */ = {isa = PBXBuildFile; fileRef = 81E9A5CC2A3C45DC0014CD86 /* LemmingTests.swift */; };
		81E9A5D42A3C45F00014CD86 /* CommentParsingTests.swift in Sources */ = {isa = PBXBuildFile; fileRef = 81E9A5D32A3C45F00014CD86 /* CommentParsingTests.swift */; };
		81F702122A386F3200484D6F /* PostService.swift in Sources */ = {isa = PBXBuildFile; fileRef = 81F702112A386F3200484D6F /* PostService.swift */; };
		81F702142A386F5300484D6F /* LemmyPostService.swift in Sources */ = {isa = PBXBuildFile; fileRef = 81F702132A386F5300484D6F /* LemmyPostService.swift */; };
		81F702172A38700000484D6F /* PostServiceDependency.swift in Sources */ = {isa = PBXBuildFile; fileRef = 81F702162A38700000484D6F /* PostServiceDependency.swift */; };
/* End PBXBuildFile section */

/* Begin PBXContainerItemProxy section */
		81E9A5CE2A3C45DC0014CD86 /* PBXContainerItemProxy */ = {
			isa = PBXContainerItemProxy;
			containerPortal = 819217002A364A950015BEF3 /* Project object */;
			proxyType = 1;
			remoteGlobalIDString = 819217072A364A950015BEF3;
			remoteInfo = Lemming;
		};
/* End PBXContainerItemProxy section */

/* Begin PBXFileReference section */
		810E07912A39AA0300CCBDBE /* PostDetailFeature.swift */ = {isa = PBXFileReference; lastKnownFileType = sourcecode.swift; path = PostDetailFeature.swift; sourceTree = "<group>"; };
		810E07932A39AB2600CCBDBE /* PostDetailFeatureView.swift */ = {isa = PBXFileReference; lastKnownFileType = sourcecode.swift; path = PostDetailFeatureView.swift; sourceTree = "<group>"; };
		810E07952A39B7F300CCBDBE /* CommentService.swift */ = {isa = PBXFileReference; lastKnownFileType = sourcecode.swift; path = CommentService.swift; sourceTree = "<group>"; };
		810E07972A39B83B00CCBDBE /* CommentModel.swift */ = {isa = PBXFileReference; lastKnownFileType = sourcecode.swift; path = CommentModel.swift; sourceTree = "<group>"; };
		810E07992A39BC8400CCBDBE /* LemmyCommentService.swift */ = {isa = PBXFileReference; lastKnownFileType = sourcecode.swift; path = LemmyCommentService.swift; sourceTree = "<group>"; };
		810E079B2A39C74900CCBDBE /* CommentServiceDependency.swift */ = {isa = PBXFileReference; lastKnownFileType = sourcecode.swift; path = CommentServiceDependency.swift; sourceTree = "<group>"; };
		810FA8092A48AB1800EF2CBA /* CommunityFeature.swift */ = {isa = PBXFileReference; lastKnownFileType = sourcecode.swift; path = CommunityFeature.swift; sourceTree = "<group>"; };
		810FA80C2A48AB3700EF2CBA /* CommunityService.swift */ = {isa = PBXFileReference; lastKnownFileType = sourcecode.swift; path = CommunityService.swift; sourceTree = "<group>"; };
		810FA80E2A48ABAC00EF2CBA /* CommunityModel.swift */ = {isa = PBXFileReference; lastKnownFileType = sourcecode.swift; path = CommunityModel.swift; sourceTree = "<group>"; };
		810FA8102A48AD1E00EF2CBA /* LemmyCommunityService.swift */ = {isa = PBXFileReference; lastKnownFileType = sourcecode.swift; path = LemmyCommunityService.swift; sourceTree = "<group>"; };
		810FA8122A48B1ED00EF2CBA /* CommunityServiceDependency.swift */ = {isa = PBXFileReference; lastKnownFileType = sourcecode.swift; path = CommunityServiceDependency.swift; sourceTree = "<group>"; };
		810FA8142A48B5B900EF2CBA /* CommunityFeatureView.swift */ = {isa = PBXFileReference; lastKnownFileType = sourcecode.swift; path = CommunityFeatureView.swift; sourceTree = "<group>"; };
		810FA8172A4973E700EF2CBA /* PostsListFeature.swift */ = {isa = PBXFileReference; lastKnownFileType = sourcecode.swift; path = PostsListFeature.swift; sourceTree = "<group>"; };
		810FA8192A49762900EF2CBA /* PostsListFeatureView.swift */ = {isa = PBXFileReference; lastKnownFileType = sourcecode.swift; path = PostsListFeatureView.swift; sourceTree = "<group>"; };
		8126FEF52A46185600633121 /* CommentDetailFeature.swift */ = {isa = PBXFileReference; lastKnownFileType = sourcecode.swift; path = CommentDetailFeature.swift; sourceTree = "<group>"; };
		8126FEF72A470B8400633121 /* CommentDetailFeatureTests.swift */ = {isa = PBXFileReference; lastKnownFileType = sourcecode.swift; path = CommentDetailFeatureTests.swift; sourceTree = "<group>"; };
		8126FEF92A470D4100633121 /* PostDetailFeatureTests.swift */ = {isa = PBXFileReference; lastKnownFileType = sourcecode.swift; path = PostDetailFeatureTests.swift; sourceTree = "<group>"; };
		81368C0A2A4573A7005CF7A2 /* SwipeCell.swift */ = {isa = PBXFileReference; lastKnownFileType = sourcecode.swift; path = SwipeCell.swift; sourceTree = "<group>"; };
		81368C0C2A45936A005CF7A2 /* Collapsible.swift */ = {isa = PBXFileReference; lastKnownFileType = sourcecode.swift; path = Collapsible.swift; sourceTree = "<group>"; };
		816F99052A431CA4004F0AE9 /* CommentSheetFeature.swift */ = {isa = PBXFileReference; lastKnownFileType = sourcecode.swift; path = CommentSheetFeature.swift; sourceTree = "<group>"; };
		816F99072A431DC3004F0AE9 /* CommentSheetFeatureView.swift */ = {isa = PBXFileReference; lastKnownFileType = sourcecode.swift; path = CommentSheetFeatureView.swift; sourceTree = "<group>"; };
		81727D732A40E9FA0035FF22 /* URL+URLType.swift */ = {isa = PBXFileReference; lastKnownFileType = sourcecode.swift; path = "URL+URLType.swift"; sourceTree = "<group>"; };
		81727D752A40EA8C0035FF22 /* PostDetailLinkView.swift */ = {isa = PBXFileReference; lastKnownFileType = sourcecode.swift; path = PostDetailLinkView.swift; sourceTree = "<group>"; };
		818E8A022A3EC4C400013875 /* AccountService.swift */ = {isa = PBXFileReference; lastKnownFileType = sourcecode.swift; path = AccountService.swift; sourceTree = "<group>"; };
		818E8A042A3EC5A800013875 /* LemmingAccountModel.swift */ = {isa = PBXFileReference; lastKnownFileType = sourcecode.swift; path = LemmingAccountModel.swift; sourceTree = "<group>"; };
		818E8A0E2A3F2DDC00013875 /* LemmyAccountService.swift */ = {isa = PBXFileReference; lastKnownFileType = sourcecode.swift; path = LemmyAccountService.swift; sourceTree = "<group>"; };
		818E8A132A3F40A400013875 /* AccountFeature.swift */ = {isa = PBXFileReference; lastKnownFileType = sourcecode.swift; path = AccountFeature.swift; sourceTree = "<group>"; };
		818E8A152A3F419E00013875 /* AccountFeatureView.swift */ = {isa = PBXFileReference; lastKnownFileType = sourcecode.swift; path = AccountFeatureView.swift; sourceTree = "<group>"; };
		818E8A172A3F473900013875 /* AccountRootFeature.swift */ = {isa = PBXFileReference; lastKnownFileType = sourcecode.swift; path = AccountRootFeature.swift; sourceTree = "<group>"; };
		818E8A192A3F983300013875 /* UserDefaultsKeys.swift */ = {isa = PBXFileReference; lastKnownFileType = sourcecode.swift; path = UserDefaultsKeys.swift; sourceTree = "<group>"; };
		818E8A1B2A3F990200013875 /* AccountServiceKey.swift */ = {isa = PBXFileReference; lastKnownFileType = sourcecode.swift; path = AccountServiceKey.swift; sourceTree = "<group>"; };
		818E8A1E2A40326E00013875 /* AddAccountFeature.swift */ = {isa = PBXFileReference; lastKnownFileType = sourcecode.swift; path = AddAccountFeature.swift; sourceTree = "<group>"; };
		818E8A202A403B9700013875 /* AddAccountFeatureView.swift */ = {isa = PBXFileReference; lastKnownFileType = sourcecode.swift; path = AddAccountFeatureView.swift; sourceTree = "<group>"; };
		819217082A364A950015BEF3 /* Lemming.app */ = {isa = PBXFileReference; explicitFileType = wrapper.application; includeInIndex = 0; path = Lemming.app; sourceTree = BUILT_PRODUCTS_DIR; };
		8192170B2A364A950015BEF3 /* LemmingApp.swift */ = {isa = PBXFileReference; lastKnownFileType = sourcecode.swift; path = LemmingApp.swift; sourceTree = "<group>"; };
		8192170D2A364A950015BEF3 /* RootView.swift */ = {isa = PBXFileReference; lastKnownFileType = sourcecode.swift; path = RootView.swift; sourceTree = "<group>"; };
		8192170F2A364A960015BEF3 /* Assets.xcassets */ = {isa = PBXFileReference; lastKnownFileType = folder.assetcatalog; path = Assets.xcassets; sourceTree = "<group>"; };
		819217112A364A960015BEF3 /* Lemming.entitlements */ = {isa = PBXFileReference; lastKnownFileType = text.plist.entitlements; path = Lemming.entitlements; sourceTree = "<group>"; };
		819217132A364A960015BEF3 /* Preview Assets.xcassets */ = {isa = PBXFileReference; lastKnownFileType = folder.assetcatalog; path = "Preview Assets.xcassets"; sourceTree = "<group>"; };
		8192171E2A364B790015BEF3 /* RootFeature.swift */ = {isa = PBXFileReference; lastKnownFileType = sourcecode.swift; path = RootFeature.swift; sourceTree = "<group>"; };
		819217202A37059E0015BEF3 /* LemmingDesignSystem.swift */ = {isa = PBXFileReference; lastKnownFileType = sourcecode.swift; path = LemmingDesignSystem.swift; sourceTree = "<group>"; };
		819217232A37093E0015BEF3 /* DesignSystemPreview.swift */ = {isa = PBXFileReference; lastKnownFileType = sourcecode.swift; path = DesignSystemPreview.swift; sourceTree = "<group>"; };
		819217252A370BE70015BEF3 /* LemmingButtons.swift */ = {isa = PBXFileReference; lastKnownFileType = sourcecode.swift; path = LemmingButtons.swift; sourceTree = "<group>"; };
		819217282A3732E10015BEF3 /* PostsFeature.swift */ = {isa = PBXFileReference; lastKnownFileType = sourcecode.swift; path = PostsFeature.swift; sourceTree = "<group>"; };
		8192172B2A3734F20015BEF3 /* PostsFeatureView.swift */ = {isa = PBXFileReference; lastKnownFileType = sourcecode.swift; path = PostsFeatureView.swift; sourceTree = "<group>"; };
		8192172D2A3735B80015BEF3 /* PostModel.swift */ = {isa = PBXFileReference; lastKnownFileType = sourcecode.swift; path = PostModel.swift; sourceTree = "<group>"; };
		8192172F2A3737410015BEF3 /* PostsRowView.swift */ = {isa = PBXFileReference; lastKnownFileType = sourcecode.swift; path = PostsRowView.swift; sourceTree = "<group>"; };
		81B982E02A39DA5D00D2A3F7 /* CommentDetailView.swift */ = {isa = PBXFileReference; lastKnownFileType = sourcecode.swift; path = CommentDetailView.swift; sourceTree = "<group>"; };
		81B982E52A39E08300D2A3F7 /* RelativeDateTimeFormatterDependency.swift */ = {isa = PBXFileReference; lastKnownFileType = sourcecode.swift; path = RelativeDateTimeFormatterDependency.swift; sourceTree = "<group>"; };
		81B982E72A39E10800D2A3F7 /* DateFormatterService.swift */ = {isa = PBXFileReference; lastKnownFileType = sourcecode.swift; path = DateFormatterService.swift; sourceTree = "<group>"; };
		81B982ED2A39E89900D2A3F7 /* URLCache+imageCache.swift */ = {isa = PBXFileReference; lastKnownFileType = sourcecode.swift; path = "URLCache+imageCache.swift"; sourceTree = "<group>"; };
		81B982F02A3A40AF00D2A3F7 /* IconConstants.swift */ = {isa = PBXFileReference; lastKnownFileType = sourcecode.swift; path = IconConstants.swift; sourceTree = "<group>"; };
		81B982F22A3A5DBA00D2A3F7 /* PostsRootFeature.swift */ = {isa = PBXFileReference; lastKnownFileType = sourcecode.swift; path = PostsRootFeature.swift; sourceTree = "<group>"; };
		81B982F42A3A5E1600D2A3F7 /* PostsRootFeatureView.swift */ = {isa = PBXFileReference; lastKnownFileType = sourcecode.swift; path = PostsRootFeatureView.swift; sourceTree = "<group>"; };
		81E9A5CA2A3C45DC0014CD86 /* LemmingTests.xctest */ = {isa = PBXFileReference; explicitFileType = wrapper.cfbundle; includeInIndex = 0; path = LemmingTests.xctest; sourceTree = BUILT_PRODUCTS_DIR; };
		81E9A5CC2A3C45DC0014CD86 /* LemmingTests.swift */ = {isa = PBXFileReference; lastKnownFileType = sourcecode.swift; path = LemmingTests.swift; sourceTree = "<group>"; };
		81E9A5D32A3C45F00014CD86 /* CommentParsingTests.swift */ = {isa = PBXFileReference; lastKnownFileType = sourcecode.swift; path = CommentParsingTests.swift; sourceTree = "<group>"; };
		81E9A5D52A3CD2210014CD86 /* LemmyAPIPlayground.playground */ = {isa = PBXFileReference; lastKnownFileType = file.playground; path = LemmyAPIPlayground.playground; sourceTree = "<group>"; xcLanguageSpecificationIdentifier = xcode.lang.swift; };
		81F702112A386F3200484D6F /* PostService.swift */ = {isa = PBXFileReference; lastKnownFileType = sourcecode.swift; path = PostService.swift; sourceTree = "<group>"; };
		81F702132A386F5300484D6F /* LemmyPostService.swift */ = {isa = PBXFileReference; lastKnownFileType = sourcecode.swift; path = LemmyPostService.swift; sourceTree = "<group>"; };
		81F702162A38700000484D6F /* PostServiceDependency.swift */ = {isa = PBXFileReference; lastKnownFileType = sourcecode.swift; path = PostServiceDependency.swift; sourceTree = "<group>"; };
/* End PBXFileReference section */

/* Begin PBXFrameworksBuildPhase section */
		819217052A364A950015BEF3 /* Frameworks */ = {
			isa = PBXFrameworksBuildPhase;
			buildActionMask = 2147483647;
			files = (
				81999FFE2A4CA2BD00A9BB09 /* Lemmy-Swift-Client in Frameworks */,
				81B982EB2A39E88600D2A3F7 /* CachedAsyncImage in Frameworks */,
				818E8A242A40630600013875 /* KeychainSwift in Frameworks */,
				8192171C2A364AEF0015BEF3 /* ComposableArchitecture in Frameworks */,
			);
			runOnlyForDeploymentPostprocessing = 0;
		};
		81E9A5C72A3C45DC0014CD86 /* Frameworks */ = {
			isa = PBXFrameworksBuildPhase;
			buildActionMask = 2147483647;
			files = (
			);
			runOnlyForDeploymentPostprocessing = 0;
		};
/* End PBXFrameworksBuildPhase section */

/* Begin PBXGroup section */
		810E07902A39A9F600CCBDBE /* PostDetail */ = {
			isa = PBXGroup;
			children = (
				8126FEF42A46184300633121 /* CommentDetail */,
				810E07912A39AA0300CCBDBE /* PostDetailFeature.swift */,
				810E07932A39AB2600CCBDBE /* PostDetailFeatureView.swift */,
				81727D752A40EA8C0035FF22 /* PostDetailLinkView.swift */,
			);
			path = PostDetail;
			sourceTree = "<group>";
		};
		810FA8082A48AB0400EF2CBA /* Community */ = {
			isa = PBXGroup;
			children = (
				810FA8092A48AB1800EF2CBA /* CommunityFeature.swift */,
				810FA8142A48B5B900EF2CBA /* CommunityFeatureView.swift */,
			);
			path = Community;
			sourceTree = "<group>";
		};
		810FA80B2A48AB2900EF2CBA /* Community */ = {
			isa = PBXGroup;
			children = (
				810FA80C2A48AB3700EF2CBA /* CommunityService.swift */,
				810FA8102A48AD1E00EF2CBA /* LemmyCommunityService.swift */,
			);
			path = Community;
			sourceTree = "<group>";
		};
		810FA8162A4973D700EF2CBA /* PostsList */ = {
			isa = PBXGroup;
			children = (
				810FA8172A4973E700EF2CBA /* PostsListFeature.swift */,
				810FA8192A49762900EF2CBA /* PostsListFeatureView.swift */,
			);
			path = PostsList;
			sourceTree = "<group>";
		};
		8126FEF42A46184300633121 /* CommentDetail */ = {
			isa = PBXGroup;
			children = (
				81B982E02A39DA5D00D2A3F7 /* CommentDetailView.swift */,
				8126FEF52A46185600633121 /* CommentDetailFeature.swift */,
			);
			path = CommentDetail;
			sourceTree = "<group>";
		};
		81521DC62A42496800F77F14 /* Features */ = {
			isa = PBXGroup;
			children = (
				8192171E2A364B790015BEF3 /* RootFeature.swift */,
				8192170D2A364A950015BEF3 /* RootView.swift */,
				819217272A3732D00015BEF3 /* Posts */,
				818E8A122A3F409600013875 /* Account */,
			);
			path = Features;
			sourceTree = "<group>";
		};
		816F99042A431C93004F0AE9 /* CommentSheet */ = {
			isa = PBXGroup;
			children = (
				816F99052A431CA4004F0AE9 /* CommentSheetFeature.swift */,
				816F99072A431DC3004F0AE9 /* CommentSheetFeatureView.swift */,
			);
			path = CommentSheet;
			sourceTree = "<group>";
		};
		818E8A062A3EC7A600013875 /* Utility */ = {
			isa = PBXGroup;
			children = (
				81368C0A2A4573A7005CF7A2 /* SwipeCell.swift */,
				81368C0C2A45936A005CF7A2 /* Collapsible.swift */,
			);
			path = Utility;
			sourceTree = "<group>";
		};
		818E8A0B2A3F2DBA00013875 /* Post */ = {
			isa = PBXGroup;
			children = (
				81F702112A386F3200484D6F /* PostService.swift */,
				81F702132A386F5300484D6F /* LemmyPostService.swift */,
			);
			path = Post;
			sourceTree = "<group>";
		};
		818E8A0C2A3F2DBF00013875 /* Comment */ = {
			isa = PBXGroup;
			children = (
				810E07952A39B7F300CCBDBE /* CommentService.swift */,
				810E07992A39BC8400CCBDBE /* LemmyCommentService.swift */,
			);
			path = Comment;
			sourceTree = "<group>";
		};
		818E8A0D2A3F2DC400013875 /* Account */ = {
			isa = PBXGroup;
			children = (
				818E8A022A3EC4C400013875 /* AccountService.swift */,
				818E8A0E2A3F2DDC00013875 /* LemmyAccountService.swift */,
			);
			path = Account;
			sourceTree = "<group>";
		};
		818E8A122A3F409600013875 /* Account */ = {
			isa = PBXGroup;
			children = (
				818E8A1D2A40326000013875 /* AddAccount */,
				818E8A132A3F40A400013875 /* AccountFeature.swift */,
				818E8A152A3F419E00013875 /* AccountFeatureView.swift */,
				818E8A172A3F473900013875 /* AccountRootFeature.swift */,
			);
			path = Account;
			sourceTree = "<group>";
		};
		818E8A1D2A40326000013875 /* AddAccount */ = {
			isa = PBXGroup;
			children = (
				818E8A1E2A40326E00013875 /* AddAccountFeature.swift */,
				818E8A202A403B9700013875 /* AddAccountFeatureView.swift */,
			);
			path = AddAccount;
			sourceTree = "<group>";
		};
		818E8A252A40746200013875 /* Resources */ = {
			isa = PBXGroup;
			children = (
				8192170F2A364A960015BEF3 /* Assets.xcassets */,
			);
			path = Resources;
			sourceTree = "<group>";
		};
		819216FF2A364A950015BEF3 = {
			isa = PBXGroup;
			children = (
				8192170A2A364A950015BEF3 /* Lemming */,
				81E9A5CB2A3C45DC0014CD86 /* LemmingTests */,
				819217092A364A950015BEF3 /* Products */,
			);
			sourceTree = "<group>";
		};
		819217092A364A950015BEF3 /* Products */ = {
			isa = PBXGroup;
			children = (
				819217082A364A950015BEF3 /* Lemming.app */,
				81E9A5CA2A3C45DC0014CD86 /* LemmingTests.xctest */,
			);
			name = Products;
			sourceTree = "<group>";
		};
		8192170A2A364A950015BEF3 /* Lemming */ = {
			isa = PBXGroup;
			children = (
				81521DC62A42496800F77F14 /* Features */,
				818E8A062A3EC7A600013875 /* Utility */,
				81B982EF2A3A409D00D2A3F7 /* Constants */,
				81B982EC2A39E88C00D2A3F7 /* Extensions */,
				81F702152A386FED00484D6F /* Dependencies */,
				81F702102A386F1B00484D6F /* Services */,
				8192172A2A37334F0015BEF3 /* Models */,
				819217222A3708F70015BEF3 /* DesignSystem */,
				8192170B2A364A950015BEF3 /* LemmingApp.swift */,
				819217112A364A960015BEF3 /* Lemming.entitlements */,
				818E8A252A40746200013875 /* Resources */,
				819217122A364A960015BEF3 /* Preview Content */,
				81E9A5D52A3CD2210014CD86 /* LemmyAPIPlayground.playground */,
			);
			path = Lemming;
			sourceTree = "<group>";
		};
		819217122A364A960015BEF3 /* Preview Content */ = {
			isa = PBXGroup;
			children = (
				819217132A364A960015BEF3 /* Preview Assets.xcassets */,
			);
			path = "Preview Content";
			sourceTree = "<group>";
		};
		819217222A3708F70015BEF3 /* DesignSystem */ = {
			isa = PBXGroup;
			children = (
				819217202A37059E0015BEF3 /* LemmingDesignSystem.swift */,
				819217232A37093E0015BEF3 /* DesignSystemPreview.swift */,
				819217252A370BE70015BEF3 /* LemmingButtons.swift */,
			);
			path = DesignSystem;
			sourceTree = "<group>";
		};
		819217272A3732D00015BEF3 /* Posts */ = {
			isa = PBXGroup;
			children = (
				810FA8162A4973D700EF2CBA /* PostsList */,
				810FA8082A48AB0400EF2CBA /* Community */,
				816F99042A431C93004F0AE9 /* CommentSheet */,
				810E07902A39A9F600CCBDBE /* PostDetail */,
				819217282A3732E10015BEF3 /* PostsFeature.swift */,
				8192172B2A3734F20015BEF3 /* PostsFeatureView.swift */,
				8192172F2A3737410015BEF3 /* PostsRowView.swift */,
				81B982F22A3A5DBA00D2A3F7 /* PostsRootFeature.swift */,
				81B982F42A3A5E1600D2A3F7 /* PostsRootFeatureView.swift */,
			);
			path = Posts;
			sourceTree = "<group>";
		};
		8192172A2A37334F0015BEF3 /* Models */ = {
			isa = PBXGroup;
			children = (
				8192172D2A3735B80015BEF3 /* PostModel.swift */,
				810E07972A39B83B00CCBDBE /* CommentModel.swift */,
				818E8A042A3EC5A800013875 /* LemmingAccountModel.swift */,
				810FA80E2A48ABAC00EF2CBA /* CommunityModel.swift */,
			);
			path = Models;
			sourceTree = "<group>";
		};
		81B982EC2A39E88C00D2A3F7 /* Extensions */ = {
			isa = PBXGroup;
			children = (
				81B982ED2A39E89900D2A3F7 /* URLCache+imageCache.swift */,
				81727D732A40E9FA0035FF22 /* URL+URLType.swift */,
			);
			path = Extensions;
			sourceTree = "<group>";
		};
		81B982EF2A3A409D00D2A3F7 /* Constants */ = {
			isa = PBXGroup;
			children = (
				81B982F02A3A40AF00D2A3F7 /* IconConstants.swift */,
				818E8A192A3F983300013875 /* UserDefaultsKeys.swift */,
			);
			path = Constants;
			sourceTree = "<group>";
		};
		81E9A5CB2A3C45DC0014CD86 /* LemmingTests */ = {
			isa = PBXGroup;
			children = (
				81E9A5CC2A3C45DC0014CD86 /* LemmingTests.swift */,
				81E9A5D32A3C45F00014CD86 /* CommentParsingTests.swift */,
				8126FEF72A470B8400633121 /* CommentDetailFeatureTests.swift */,
				8126FEF92A470D4100633121 /* PostDetailFeatureTests.swift */,
			);
			path = LemmingTests;
			sourceTree = "<group>";
		};
		81F702102A386F1B00484D6F /* Services */ = {
			isa = PBXGroup;
			children = (
				810FA80B2A48AB2900EF2CBA /* Community */,
				818E8A0D2A3F2DC400013875 /* Account */,
				818E8A0C2A3F2DBF00013875 /* Comment */,
				818E8A0B2A3F2DBA00013875 /* Post */,
				81B982E72A39E10800D2A3F7 /* DateFormatterService.swift */,
			);
			path = Services;
			sourceTree = "<group>";
		};
		81F702152A386FED00484D6F /* Dependencies */ = {
			isa = PBXGroup;
			children = (
				81F702162A38700000484D6F /* PostServiceDependency.swift */,
				810E079B2A39C74900CCBDBE /* CommentServiceDependency.swift */,
				81B982E52A39E08300D2A3F7 /* RelativeDateTimeFormatterDependency.swift */,
				818E8A1B2A3F990200013875 /* AccountServiceKey.swift */,
				810FA8122A48B1ED00EF2CBA /* CommunityServiceDependency.swift */,
			);
			path = Dependencies;
			sourceTree = "<group>";
		};
/* End PBXGroup section */

/* Begin PBXNativeTarget section */
		819217072A364A950015BEF3 /* Lemming */ = {
			isa = PBXNativeTarget;
			buildConfigurationList = 819217172A364A960015BEF3 /* Build configuration list for PBXNativeTarget "Lemming" */;
			buildPhases = (
				819217042A364A950015BEF3 /* Sources */,
				819217052A364A950015BEF3 /* Frameworks */,
				819217062A364A950015BEF3 /* Resources */,
			);
			buildRules = (
			);
			dependencies = (
			);
			name = Lemming;
			packageProductDependencies = (
				8192171B2A364AEF0015BEF3 /* ComposableArchitecture */,
				81B982EA2A39E88600D2A3F7 /* CachedAsyncImage */,
				818E8A232A40630600013875 /* KeychainSwift */,
				81999FFD2A4CA2BD00A9BB09 /* Lemmy-Swift-Client */,
			);
			productName = Lemming;
			productReference = 819217082A364A950015BEF3 /* Lemming.app */;
			productType = "com.apple.product-type.application";
		};
		81E9A5C92A3C45DC0014CD86 /* LemmingTests */ = {
			isa = PBXNativeTarget;
			buildConfigurationList = 81E9A5D22A3C45DC0014CD86 /* Build configuration list for PBXNativeTarget "LemmingTests" */;
			buildPhases = (
				81E9A5C62A3C45DC0014CD86 /* Sources */,
				81E9A5C72A3C45DC0014CD86 /* Frameworks */,
				81E9A5C82A3C45DC0014CD86 /* Resources */,
			);
			buildRules = (
			);
			dependencies = (
				81E9A5CF2A3C45DC0014CD86 /* PBXTargetDependency */,
			);
			name = LemmingTests;
			productName = LemmingTests;
			productReference = 81E9A5CA2A3C45DC0014CD86 /* LemmingTests.xctest */;
			productType = "com.apple.product-type.bundle.unit-test";
		};
/* End PBXNativeTarget section */

/* Begin PBXProject section */
		819217002A364A950015BEF3 /* Project object */ = {
			isa = PBXProject;
			attributes = {
				BuildIndependentTargetsInParallel = 1;
				LastSwiftUpdateCheck = 1430;
				LastUpgradeCheck = 1430;
				TargetAttributes = {
					819217072A364A950015BEF3 = {
						CreatedOnToolsVersion = 14.3;
					};
					81E9A5C92A3C45DC0014CD86 = {
						CreatedOnToolsVersion = 14.3;
						TestTargetID = 819217072A364A950015BEF3;
					};
				};
			};
			buildConfigurationList = 819217032A364A950015BEF3 /* Build configuration list for PBXProject "Lemming" */;
			compatibilityVersion = "Xcode 14.0";
			developmentRegion = en;
			hasScannedForEncodings = 0;
			knownRegions = (
				en,
				Base,
			);
			mainGroup = 819216FF2A364A950015BEF3;
			packageReferences = (
				8192171A2A364AEF0015BEF3 /* XCRemoteSwiftPackageReference "swift-composable-architecture" */,
				81B982E92A39E88600D2A3F7 /* XCRemoteSwiftPackageReference "swiftui-cached-async-image" */,
				818E8A222A40630600013875 /* XCRemoteSwiftPackageReference "keychain-swift" */,
				81999FFC2A4CA2BD00A9BB09 /* XCRemoteSwiftPackageReference "Lemmy-Swift-Client" */,
			);
			productRefGroup = 819217092A364A950015BEF3 /* Products */;
			projectDirPath = "";
			projectRoot = "";
			targets = (
				819217072A364A950015BEF3 /* Lemming */,
				81E9A5C92A3C45DC0014CD86 /* LemmingTests */,
			);
		};
/* End PBXProject section */

/* Begin PBXResourcesBuildPhase section */
		819217062A364A950015BEF3 /* Resources */ = {
			isa = PBXResourcesBuildPhase;
			buildActionMask = 2147483647;
			files = (
				819217142A364A960015BEF3 /* Preview Assets.xcassets in Resources */,
				819217102A364A960015BEF3 /* Assets.xcassets in Resources */,
			);
			runOnlyForDeploymentPostprocessing = 0;
		};
		81E9A5C82A3C45DC0014CD86 /* Resources */ = {
			isa = PBXResourcesBuildPhase;
			buildActionMask = 2147483647;
			files = (
			);
			runOnlyForDeploymentPostprocessing = 0;
		};
/* End PBXResourcesBuildPhase section */

/* Begin PBXSourcesBuildPhase section */
		819217042A364A950015BEF3 /* Sources */ = {
			isa = PBXSourcesBuildPhase;
			buildActionMask = 2147483647;
			files = (
				810FA8112A48AD1E00EF2CBA /* LemmyCommunityService.swift in Sources */,
				810E079A2A39BC8400CCBDBE /* LemmyCommentService.swift in Sources */,
				819217212A37059E0015BEF3 /* LemmingDesignSystem.swift in Sources */,
				810E07922A39AA0300CCBDBE /* PostDetailFeature.swift in Sources */,
				81B982E12A39DA5D00D2A3F7 /* CommentDetailView.swift in Sources */,
				8192172E2A3735B80015BEF3 /* PostModel.swift in Sources */,
				81B982F52A3A5E1600D2A3F7 /* PostsRootFeatureView.swift in Sources */,
				810FA80A2A48AB1800EF2CBA /* CommunityFeature.swift in Sources */,
				810E07962A39B7F300CCBDBE /* CommentService.swift in Sources */,
				8192172C2A3734F20015BEF3 /* PostsFeatureView.swift in Sources */,
				818E8A142A3F40A400013875 /* AccountFeature.swift in Sources */,
				81B982F32A3A5DBA00D2A3F7 /* PostsRootFeature.swift in Sources */,
				818E8A032A3EC4C400013875 /* AccountService.swift in Sources */,
				819217262A370BE70015BEF3 /* LemmingButtons.swift in Sources */,
				818E8A0F2A3F2DDC00013875 /* LemmyAccountService.swift in Sources */,
				81727D762A40EA8C0035FF22 /* PostDetailLinkView.swift in Sources */,
				818E8A052A3EC5A800013875 /* LemmingAccountModel.swift in Sources */,
				819217292A3732E10015BEF3 /* PostsFeature.swift in Sources */,
				810FA80D2A48AB3700EF2CBA /* CommunityService.swift in Sources */,
				8126FEF62A46185600633121 /* CommentDetailFeature.swift in Sources */,
				810FA81A2A49762900EF2CBA /* PostsListFeatureView.swift in Sources */,
				810FA8152A48B5B900EF2CBA /* CommunityFeatureView.swift in Sources */,
				81727D742A40E9FA0035FF22 /* URL+URLType.swift in Sources */,
				81B982E82A39E10800D2A3F7 /* DateFormatterService.swift in Sources */,
				81F702122A386F3200484D6F /* PostService.swift in Sources */,
				81F702172A38700000484D6F /* PostServiceDependency.swift in Sources */,
				81368C0D2A45936A005CF7A2 /* Collapsible.swift in Sources */,
				810E079C2A39C74900CCBDBE /* CommentServiceDependency.swift in Sources */,
				818E8A212A403B9700013875 /* AddAccountFeatureView.swift in Sources */,
				816F99062A431CA4004F0AE9 /* CommentSheetFeature.swift in Sources */,
				81B982E62A39E08300D2A3F7 /* RelativeDateTimeFormatterDependency.swift in Sources */,
				818E8A1F2A40326E00013875 /* AddAccountFeature.swift in Sources */,
				81B982EE2A39E89900D2A3F7 /* URLCache+imageCache.swift in Sources */,
				810E07942A39AB2600CCBDBE /* PostDetailFeatureView.swift in Sources */,
				810FA8132A48B1ED00EF2CBA /* CommunityServiceDependency.swift in Sources */,
				818E8A1A2A3F983300013875 /* UserDefaultsKeys.swift in Sources */,
				810E07982A39B83B00CCBDBE /* CommentModel.swift in Sources */,
				81368C0B2A4573A7005CF7A2 /* SwipeCell.swift in Sources */,
				8192170E2A364A950015BEF3 /* RootView.swift in Sources */,
				818E8A162A3F419E00013875 /* AccountFeatureView.swift in Sources */,
				816F99082A431DC3004F0AE9 /* CommentSheetFeatureView.swift in Sources */,
				819217242A37093E0015BEF3 /* DesignSystemPreview.swift in Sources */,
				81F702142A386F5300484D6F /* LemmyPostService.swift in Sources */,
				81B982F12A3A40AF00D2A3F7 /* IconConstants.swift in Sources */,
				819217302A3737410015BEF3 /* PostsRowView.swift in Sources */,
				818E8A182A3F473900013875 /* AccountRootFeature.swift in Sources */,
				818E8A1C2A3F990200013875 /* AccountServiceKey.swift in Sources */,
				810FA80F2A48ABAC00EF2CBA /* CommunityModel.swift in Sources */,
				8192171F2A364B790015BEF3 /* RootFeature.swift in Sources */,
				810FA8182A4973E700EF2CBA /* PostsListFeature.swift in Sources */,
				8192170C2A364A950015BEF3 /* LemmingApp.swift in Sources */,
			);
			runOnlyForDeploymentPostprocessing = 0;
		};
		81E9A5C62A3C45DC0014CD86 /* Sources */ = {
			isa = PBXSourcesBuildPhase;
			buildActionMask = 2147483647;
			files = (
				81E9A5D42A3C45F00014CD86 /* CommentParsingTests.swift in Sources */,
				8126FEFA2A470D4100633121 /* PostDetailFeatureTests.swift in Sources */,
				81E9A5CD2A3C45DC0014CD86 /* LemmingTests.swift in Sources */,
				8126FEF82A470B8400633121 /* CommentDetailFeatureTests.swift in Sources */,
			);
			runOnlyForDeploymentPostprocessing = 0;
		};
/* End PBXSourcesBuildPhase section */

/* Begin PBXTargetDependency section */
		81E9A5CF2A3C45DC0014CD86 /* PBXTargetDependency */ = {
			isa = PBXTargetDependency;
			target = 819217072A364A950015BEF3 /* Lemming */;
			targetProxy = 81E9A5CE2A3C45DC0014CD86 /* PBXContainerItemProxy */;
		};
/* End PBXTargetDependency section */

/* Begin XCBuildConfiguration section */
		819217152A364A960015BEF3 /* Debug */ = {
			isa = XCBuildConfiguration;
			buildSettings = {
				ALWAYS_SEARCH_USER_PATHS = NO;
				CLANG_ANALYZER_NONNULL = YES;
				CLANG_ANALYZER_NUMBER_OBJECT_CONVERSION = YES_AGGRESSIVE;
				CLANG_CXX_LANGUAGE_STANDARD = "gnu++20";
				CLANG_ENABLE_MODULES = YES;
				CLANG_ENABLE_OBJC_ARC = YES;
				CLANG_ENABLE_OBJC_WEAK = YES;
				CLANG_WARN_BLOCK_CAPTURE_AUTORELEASING = YES;
				CLANG_WARN_BOOL_CONVERSION = YES;
				CLANG_WARN_COMMA = YES;
				CLANG_WARN_CONSTANT_CONVERSION = YES;
				CLANG_WARN_DEPRECATED_OBJC_IMPLEMENTATIONS = YES;
				CLANG_WARN_DIRECT_OBJC_ISA_USAGE = YES_ERROR;
				CLANG_WARN_DOCUMENTATION_COMMENTS = YES;
				CLANG_WARN_EMPTY_BODY = YES;
				CLANG_WARN_ENUM_CONVERSION = YES;
				CLANG_WARN_INFINITE_RECURSION = YES;
				CLANG_WARN_INT_CONVERSION = YES;
				CLANG_WARN_NON_LITERAL_NULL_CONVERSION = YES;
				CLANG_WARN_OBJC_IMPLICIT_RETAIN_SELF = YES;
				CLANG_WARN_OBJC_LITERAL_CONVERSION = YES;
				CLANG_WARN_OBJC_ROOT_CLASS = YES_ERROR;
				CLANG_WARN_QUOTED_INCLUDE_IN_FRAMEWORK_HEADER = YES;
				CLANG_WARN_RANGE_LOOP_ANALYSIS = YES;
				CLANG_WARN_STRICT_PROTOTYPES = YES;
				CLANG_WARN_SUSPICIOUS_MOVE = YES;
				CLANG_WARN_UNGUARDED_AVAILABILITY = YES_AGGRESSIVE;
				CLANG_WARN_UNREACHABLE_CODE = YES;
				CLANG_WARN__DUPLICATE_METHOD_MATCH = YES;
				COPY_PHASE_STRIP = NO;
				DEBUG_INFORMATION_FORMAT = dwarf;
				ENABLE_STRICT_OBJC_MSGSEND = YES;
				ENABLE_TESTABILITY = YES;
				GCC_C_LANGUAGE_STANDARD = gnu11;
				GCC_DYNAMIC_NO_PIC = NO;
				GCC_NO_COMMON_BLOCKS = YES;
				GCC_OPTIMIZATION_LEVEL = 0;
				GCC_PREPROCESSOR_DEFINITIONS = (
					"DEBUG=1",
					"$(inherited)",
				);
				GCC_WARN_64_TO_32_BIT_CONVERSION = YES;
				GCC_WARN_ABOUT_RETURN_TYPE = YES_ERROR;
				GCC_WARN_UNDECLARED_SELECTOR = YES;
				GCC_WARN_UNINITIALIZED_AUTOS = YES_AGGRESSIVE;
				GCC_WARN_UNUSED_FUNCTION = YES;
				GCC_WARN_UNUSED_VARIABLE = YES;
				MTL_ENABLE_DEBUG_INFO = INCLUDE_SOURCE;
				MTL_FAST_MATH = YES;
				ONLY_ACTIVE_ARCH = YES;
				SWIFT_ACTIVE_COMPILATION_CONDITIONS = DEBUG;
				SWIFT_OPTIMIZATION_LEVEL = "-Onone";
			};
			name = Debug;
		};
		819217162A364A960015BEF3 /* Release */ = {
			isa = XCBuildConfiguration;
			buildSettings = {
				ALWAYS_SEARCH_USER_PATHS = NO;
				CLANG_ANALYZER_NONNULL = YES;
				CLANG_ANALYZER_NUMBER_OBJECT_CONVERSION = YES_AGGRESSIVE;
				CLANG_CXX_LANGUAGE_STANDARD = "gnu++20";
				CLANG_ENABLE_MODULES = YES;
				CLANG_ENABLE_OBJC_ARC = YES;
				CLANG_ENABLE_OBJC_WEAK = YES;
				CLANG_WARN_BLOCK_CAPTURE_AUTORELEASING = YES;
				CLANG_WARN_BOOL_CONVERSION = YES;
				CLANG_WARN_COMMA = YES;
				CLANG_WARN_CONSTANT_CONVERSION = YES;
				CLANG_WARN_DEPRECATED_OBJC_IMPLEMENTATIONS = YES;
				CLANG_WARN_DIRECT_OBJC_ISA_USAGE = YES_ERROR;
				CLANG_WARN_DOCUMENTATION_COMMENTS = YES;
				CLANG_WARN_EMPTY_BODY = YES;
				CLANG_WARN_ENUM_CONVERSION = YES;
				CLANG_WARN_INFINITE_RECURSION = YES;
				CLANG_WARN_INT_CONVERSION = YES;
				CLANG_WARN_NON_LITERAL_NULL_CONVERSION = YES;
				CLANG_WARN_OBJC_IMPLICIT_RETAIN_SELF = YES;
				CLANG_WARN_OBJC_LITERAL_CONVERSION = YES;
				CLANG_WARN_OBJC_ROOT_CLASS = YES_ERROR;
				CLANG_WARN_QUOTED_INCLUDE_IN_FRAMEWORK_HEADER = YES;
				CLANG_WARN_RANGE_LOOP_ANALYSIS = YES;
				CLANG_WARN_STRICT_PROTOTYPES = YES;
				CLANG_WARN_SUSPICIOUS_MOVE = YES;
				CLANG_WARN_UNGUARDED_AVAILABILITY = YES_AGGRESSIVE;
				CLANG_WARN_UNREACHABLE_CODE = YES;
				CLANG_WARN__DUPLICATE_METHOD_MATCH = YES;
				COPY_PHASE_STRIP = NO;
				DEBUG_INFORMATION_FORMAT = "dwarf-with-dsym";
				ENABLE_NS_ASSERTIONS = NO;
				ENABLE_STRICT_OBJC_MSGSEND = YES;
				GCC_C_LANGUAGE_STANDARD = gnu11;
				GCC_NO_COMMON_BLOCKS = YES;
				GCC_WARN_64_TO_32_BIT_CONVERSION = YES;
				GCC_WARN_ABOUT_RETURN_TYPE = YES_ERROR;
				GCC_WARN_UNDECLARED_SELECTOR = YES;
				GCC_WARN_UNINITIALIZED_AUTOS = YES_AGGRESSIVE;
				GCC_WARN_UNUSED_FUNCTION = YES;
				GCC_WARN_UNUSED_VARIABLE = YES;
				MTL_ENABLE_DEBUG_INFO = NO;
				MTL_FAST_MATH = YES;
				SWIFT_COMPILATION_MODE = wholemodule;
				SWIFT_OPTIMIZATION_LEVEL = "-O";
			};
			name = Release;
		};
		819217182A364A960015BEF3 /* Debug */ = {
			isa = XCBuildConfiguration;
			buildSettings = {
				ASSETCATALOG_COMPILER_APPICON_NAME = "lemming-appicon-stripes";
				ASSETCATALOG_COMPILER_GLOBAL_ACCENT_COLOR_NAME = AccentColor;
				ASSETCATALOG_COMPILER_INCLUDE_ALL_APPICON_ASSETS = YES;
				CODE_SIGN_ENTITLEMENTS = Lemming/Lemming.entitlements;
				CODE_SIGN_STYLE = Automatic;
				CURRENT_PROJECT_VERSION = 1;
				DEVELOPMENT_ASSET_PATHS = "\"Lemming/Preview Content\"";
				DEVELOPMENT_TEAM = 6Y9C574C9M;
				ENABLE_HARDENED_RUNTIME = YES;
				ENABLE_PREVIEWS = YES;
				GENERATE_INFOPLIST_FILE = YES;
				INFOPLIST_KEY_LSApplicationCategoryType = "public.app-category.social-networking";
				"INFOPLIST_KEY_UIApplicationSceneManifest_Generation[sdk=iphoneos*]" = YES;
				"INFOPLIST_KEY_UIApplicationSceneManifest_Generation[sdk=iphonesimulator*]" = YES;
				"INFOPLIST_KEY_UIApplicationSupportsIndirectInputEvents[sdk=iphoneos*]" = YES;
				"INFOPLIST_KEY_UIApplicationSupportsIndirectInputEvents[sdk=iphonesimulator*]" = YES;
				"INFOPLIST_KEY_UILaunchScreen_Generation[sdk=iphoneos*]" = YES;
				"INFOPLIST_KEY_UILaunchScreen_Generation[sdk=iphonesimulator*]" = YES;
				"INFOPLIST_KEY_UIStatusBarStyle[sdk=iphoneos*]" = UIStatusBarStyleDefault;
				"INFOPLIST_KEY_UIStatusBarStyle[sdk=iphonesimulator*]" = UIStatusBarStyleDefault;
				INFOPLIST_KEY_UISupportedInterfaceOrientations_iPad = "UIInterfaceOrientationPortrait UIInterfaceOrientationPortraitUpsideDown UIInterfaceOrientationLandscapeLeft UIInterfaceOrientationLandscapeRight";
				INFOPLIST_KEY_UISupportedInterfaceOrientations_iPhone = "UIInterfaceOrientationPortrait UIInterfaceOrientationLandscapeLeft UIInterfaceOrientationLandscapeRight";
				IPHONEOS_DEPLOYMENT_TARGET = 16.0;
				LD_RUNPATH_SEARCH_PATHS = "@executable_path/Frameworks";
				"LD_RUNPATH_SEARCH_PATHS[sdk=macosx*]" = "@executable_path/../Frameworks";
				MACOSX_DEPLOYMENT_TARGET = 13.0;
				MARKETING_VERSION = 1.0;
				PRODUCT_BUNDLE_IDENTIFIER = com.hotky.Lemming;
				PRODUCT_NAME = "$(TARGET_NAME)";
				SDKROOT = auto;
				SUPPORTED_PLATFORMS = "iphoneos iphonesimulator macosx xros xrsimulator";
				SUPPORTS_MACCATALYST = NO;
				SUPPORTS_MAC_DESIGNED_FOR_IPHONE_IPAD = NO;
				SUPPORTS_XR_DESIGNED_FOR_IPHONE_IPAD = NO;
				SWIFT_EMIT_LOC_STRINGS = YES;
				SWIFT_VERSION = 5.0;
				TARGETED_DEVICE_FAMILY = "1,2,7";
			};
			name = Debug;
		};
		819217192A364A960015BEF3 /* Release */ = {
			isa = XCBuildConfiguration;
			buildSettings = {
				ASSETCATALOG_COMPILER_APPICON_NAME = "lemming-appicon-stripes";
				ASSETCATALOG_COMPILER_GLOBAL_ACCENT_COLOR_NAME = AccentColor;
				ASSETCATALOG_COMPILER_INCLUDE_ALL_APPICON_ASSETS = YES;
				CODE_SIGN_ENTITLEMENTS = Lemming/Lemming.entitlements;
				CODE_SIGN_STYLE = Automatic;
				CURRENT_PROJECT_VERSION = 1;
				DEVELOPMENT_ASSET_PATHS = "\"Lemming/Preview Content\"";
				DEVELOPMENT_TEAM = 6Y9C574C9M;
				ENABLE_HARDENED_RUNTIME = YES;
				ENABLE_PREVIEWS = YES;
				GENERATE_INFOPLIST_FILE = YES;
				INFOPLIST_KEY_LSApplicationCategoryType = "public.app-category.social-networking";
				"INFOPLIST_KEY_UIApplicationSceneManifest_Generation[sdk=iphoneos*]" = YES;
				"INFOPLIST_KEY_UIApplicationSceneManifest_Generation[sdk=iphonesimulator*]" = YES;
				"INFOPLIST_KEY_UIApplicationSupportsIndirectInputEvents[sdk=iphoneos*]" = YES;
				"INFOPLIST_KEY_UIApplicationSupportsIndirectInputEvents[sdk=iphonesimulator*]" = YES;
				"INFOPLIST_KEY_UILaunchScreen_Generation[sdk=iphoneos*]" = YES;
				"INFOPLIST_KEY_UILaunchScreen_Generation[sdk=iphonesimulator*]" = YES;
				"INFOPLIST_KEY_UIStatusBarStyle[sdk=iphoneos*]" = UIStatusBarStyleDefault;
				"INFOPLIST_KEY_UIStatusBarStyle[sdk=iphonesimulator*]" = UIStatusBarStyleDefault;
				INFOPLIST_KEY_UISupportedInterfaceOrientations_iPad = "UIInterfaceOrientationPortrait UIInterfaceOrientationPortraitUpsideDown UIInterfaceOrientationLandscapeLeft UIInterfaceOrientationLandscapeRight";
				INFOPLIST_KEY_UISupportedInterfaceOrientations_iPhone = "UIInterfaceOrientationPortrait UIInterfaceOrientationLandscapeLeft UIInterfaceOrientationLandscapeRight";
				IPHONEOS_DEPLOYMENT_TARGET = 16.0;
				LD_RUNPATH_SEARCH_PATHS = "@executable_path/Frameworks";
				"LD_RUNPATH_SEARCH_PATHS[sdk=macosx*]" = "@executable_path/../Frameworks";
				MACOSX_DEPLOYMENT_TARGET = 13.0;
				MARKETING_VERSION = 1.0;
				PRODUCT_BUNDLE_IDENTIFIER = com.hotky.Lemming;
				PRODUCT_NAME = "$(TARGET_NAME)";
				SDKROOT = auto;
				SUPPORTED_PLATFORMS = "iphoneos iphonesimulator macosx xros xrsimulator";
				SUPPORTS_MACCATALYST = NO;
				SUPPORTS_MAC_DESIGNED_FOR_IPHONE_IPAD = NO;
				SUPPORTS_XR_DESIGNED_FOR_IPHONE_IPAD = NO;
				SWIFT_EMIT_LOC_STRINGS = YES;
				SWIFT_VERSION = 5.0;
				TARGETED_DEVICE_FAMILY = "1,2,7";
			};
			name = Release;
		};
		81E9A5D02A3C45DC0014CD86 /* Debug */ = {
			isa = XCBuildConfiguration;
			buildSettings = {
				BUNDLE_LOADER = "$(TEST_HOST)";
				CODE_SIGN_STYLE = Automatic;
				CURRENT_PROJECT_VERSION = 1;
				DEVELOPMENT_TEAM = 6Y9C574C9M;
				GENERATE_INFOPLIST_FILE = YES;
				IPHONEOS_DEPLOYMENT_TARGET = 16.4;
				MARKETING_VERSION = 1.0;
				PRODUCT_BUNDLE_IDENTIFIER = com.hotky.LemmingTests;
				PRODUCT_NAME = "$(TARGET_NAME)";
				SDKROOT = iphoneos;
				SWIFT_EMIT_LOC_STRINGS = NO;
				SWIFT_VERSION = 5.0;
				TARGETED_DEVICE_FAMILY = "1,2";
				TEST_HOST = "$(BUILT_PRODUCTS_DIR)/Lemming.app/$(BUNDLE_EXECUTABLE_FOLDER_PATH)/Lemming";
			};
			name = Debug;
		};
		81E9A5D12A3C45DC0014CD86 /* Release */ = {
			isa = XCBuildConfiguration;
			buildSettings = {
				BUNDLE_LOADER = "$(TEST_HOST)";
				CODE_SIGN_STYLE = Automatic;
				CURRENT_PROJECT_VERSION = 1;
				DEVELOPMENT_TEAM = 6Y9C574C9M;
				GENERATE_INFOPLIST_FILE = YES;
				IPHONEOS_DEPLOYMENT_TARGET = 16.4;
				MARKETING_VERSION = 1.0;
				PRODUCT_BUNDLE_IDENTIFIER = com.hotky.LemmingTests;
				PRODUCT_NAME = "$(TARGET_NAME)";
				SDKROOT = iphoneos;
				SWIFT_EMIT_LOC_STRINGS = NO;
				SWIFT_VERSION = 5.0;
				TARGETED_DEVICE_FAMILY = "1,2";
				TEST_HOST = "$(BUILT_PRODUCTS_DIR)/Lemming.app/$(BUNDLE_EXECUTABLE_FOLDER_PATH)/Lemming";
				VALIDATE_PRODUCT = YES;
			};
			name = Release;
		};
/* End XCBuildConfiguration section */

/* Begin XCConfigurationList section */
		819217032A364A950015BEF3 /* Build configuration list for PBXProject "Lemming" */ = {
			isa = XCConfigurationList;
			buildConfigurations = (
				819217152A364A960015BEF3 /* Debug */,
				819217162A364A960015BEF3 /* Release */,
			);
			defaultConfigurationIsVisible = 0;
			defaultConfigurationName = Release;
		};
		819217172A364A960015BEF3 /* Build configuration list for PBXNativeTarget "Lemming" */ = {
			isa = XCConfigurationList;
			buildConfigurations = (
				819217182A364A960015BEF3 /* Debug */,
				819217192A364A960015BEF3 /* Release */,
			);
			defaultConfigurationIsVisible = 0;
			defaultConfigurationName = Release;
		};
		81E9A5D22A3C45DC0014CD86 /* Build configuration list for PBXNativeTarget "LemmingTests" */ = {
			isa = XCConfigurationList;
			buildConfigurations = (
				81E9A5D02A3C45DC0014CD86 /* Debug */,
				81E9A5D12A3C45DC0014CD86 /* Release */,
			);
			defaultConfigurationIsVisible = 0;
			defaultConfigurationName = Release;
		};
/* End XCConfigurationList section */

/* Begin XCRemoteSwiftPackageReference section */
		818E8A222A40630600013875 /* XCRemoteSwiftPackageReference "keychain-swift" */ = {
			isa = XCRemoteSwiftPackageReference;
			repositoryURL = "https://github.com/evgenyneu/keychain-swift.git";
			requirement = {
				kind = upToNextMajorVersion;
				minimumVersion = 20.0.0;
			};
		};
		8192171A2A364AEF0015BEF3 /* XCRemoteSwiftPackageReference "swift-composable-architecture" */ = {
			isa = XCRemoteSwiftPackageReference;
			repositoryURL = "https://github.com/pointfreeco/swift-composable-architecture";
			requirement = {
				kind = upToNextMajorVersion;
				minimumVersion = 0.54.0;
			};
		};
		81999FFC2A4CA2BD00A9BB09 /* XCRemoteSwiftPackageReference "Lemmy-Swift-Client" */ = {
			isa = XCRemoteSwiftPackageReference;
			repositoryURL = "https://github.com/LucaKaufmann/Lemmy-Swift-Client";
			requirement = {
				branch = main;
				kind = branch;
			};
		};
		81B982E92A39E88600D2A3F7 /* XCRemoteSwiftPackageReference "swiftui-cached-async-image" */ = {
			isa = XCRemoteSwiftPackageReference;
			repositoryURL = "https://github.com/lorenzofiamingo/swiftui-cached-async-image";
			requirement = {
				kind = upToNextMajorVersion;
				minimumVersion = 2.0.0;
			};
		};
/* End XCRemoteSwiftPackageReference section */

/* Begin XCSwiftPackageProductDependency section */
		818E8A232A40630600013875 /* KeychainSwift */ = {
			isa = XCSwiftPackageProductDependency;
			package = 818E8A222A40630600013875 /* XCRemoteSwiftPackageReference "keychain-swift" */;
			productName = KeychainSwift;
		};
		8192171B2A364AEF0015BEF3 /* ComposableArchitecture */ = {
			isa = XCSwiftPackageProductDependency;
			package = 8192171A2A364AEF0015BEF3 /* XCRemoteSwiftPackageReference "swift-composable-architecture" */;
			productName = ComposableArchitecture;
		};
		81999FFD2A4CA2BD00A9BB09 /* Lemmy-Swift-Client */ = {
			isa = XCSwiftPackageProductDependency;
			package = 81999FFC2A4CA2BD00A9BB09 /* XCRemoteSwiftPackageReference "Lemmy-Swift-Client" */;
			productName = "Lemmy-Swift-Client";
		};
		81B982EA2A39E88600D2A3F7 /* CachedAsyncImage */ = {
			isa = XCSwiftPackageProductDependency;
			package = 81B982E92A39E88600D2A3F7 /* XCRemoteSwiftPackageReference "swiftui-cached-async-image" */;
			productName = CachedAsyncImage;
		};
/* End XCSwiftPackageProductDependency section */
	};
	rootObject = 819217002A364A950015BEF3 /* Project object */;
}
